
Microsoft Visual Studio Solution File, Format Version 12.00
# Visual Studio Version 17
VisualStudioVersion = 17.0.31903.59
MinimumVisualStudioVersion = 10.0.40219.1
Project("{FAE04EC0-301F-11D3-BF4B-00C04F79EFBC}") = "AppWithPlugin", "AppWithPlugin\AppWithPlugin.csproj", "{F8445D9E-30B8-4711-B02E-BAB21275E92A}"
EndProject
Project("{FAE04EC0-301F-11D3-BF4B-00C04F79EFBC}") = "PluginBase", "PluginBase\PluginBase.csproj", "{28B86225-C430-47F0-825F-CC089AC21FAF}"
EndProject
Global
	GlobalSection(SolutionConfigurationPlatforms) = preSolution
		Debug|Any CPU = Debug|Any CPU
		Release|Any CPU = Release|Any CPU
	EndGlobalSection
	GlobalSection(SolutionProperties) = preSolution
		HideSolutionNode = FALSE
	EndGlobalSection
	GlobalSection(ProjectConfigurationPlatforms) = postSolution
		{F8445D9E-30B8-4711-B02E-BAB21275E92A}.Debug|Any CPU.ActiveCfg = Debug|Any CPU
		{F8445D9E-30B8-4711-B02E-BAB21275E92A}.Debug|Any CPU.Build.0 = Debug|Any CPU
		{F8445D9E-30B8-4711-B02E-BAB21275E92A}.Release|Any CPU.ActiveCfg = Release|Any CPU
		{F8445D9E-30B8-4711-B02E-BAB21275E92A}.Release|Any CPU.Build.0 = Release|Any CPU
		{28B86225-C430-47F0-825F-CC089AC21FAF}.Debug|Any CPU.ActiveCfg = Debug|Any CPU
		{28B86225-C430-47F0-825F-CC089AC21FAF}.Debug|Any CPU.Build.0 = Debug|Any CPU
		{28B86225-C430-47F0-825F-CC089AC21FAF}.Release|Any CPU.ActiveCfg = Release|Any CPU
		{28B86225-C430-47F0-825F-CC089AC21FAF}.Release|Any CPU.Build.0 = Release|Any CPU
	EndGlobalSection
EndGlobal
