
Microsoft Visual Studio Solution File, Format Version 12.00
# Visual Studio Version 17
VisualStudioVersion = 17.0.31903.59
MinimumVisualStudioVersion = 10.0.40219.1
Project("{FAE04EC0-301F-11D3-BF4B-00C04F79EFBC}") = "AppWithPlugin", "AppWithPlugin\AppWithPlugin.csproj", "{F8445D9E-30B8-4711-B02E-BAB21275E92A}"
EndProject
Project("{FAE04EC0-301F-11D3-BF4B-00C04F79EFBC}") = "PluginBase", "PluginBase\PluginBase.csproj", "{28B86225-C430-47F0-825F-CC089AC21FAF}"
EndProject
Project("{FAE04EC0-301F-11D3-BF4B-00C04F79EFBC}") = "Plugins01", "Plugins01\Plugins01.csproj", "{53D967F0-E42F-4955-AB46-53F459DA0347}"
EndProject
Project("{FAE04EC0-301F-11D3-BF4B-00C04F79EFBC}") = "Plugins02", "Plugins02\Plugins02.csproj", "{3142148C-3F1F-4595-99F8-08CB0912626A}"
EndProject
Project("{FAE04EC0-301F-11D3-BF4B-00C04F79EFBC}") = "Plugins03", "Plugins03\Plugins03.csproj", "{DCF91DA9-747F-43D9-B4C9-C72553BCA80E}"
EndProject
Global
	GlobalSection(SolutionConfigurationPlatforms) = preSolution
		Debug|Any CPU = Debug|Any CPU
		Release|Any CPU = Release|Any CPU
	EndGlobalSection
	GlobalSection(SolutionProperties) = preSolution
		HideSolutionNode = FALSE
	EndGlobalSection
	GlobalSection(ProjectConfigurationPlatforms) = postSolution
		{F8445D9E-30B8-4711-B02E-BAB21275E92A}.Debug|Any CPU.ActiveCfg = Debug|Any CPU
		{F8445D9E-30B8-4711-B02E-BAB21275E92A}.Debug|Any CPU.Build.0 = Debug|Any CPU
		{F8445D9E-30B8-4711-B02E-BAB21275E92A}.Release|Any CPU.ActiveCfg = Release|Any CPU
		{F8445D9E-30B8-4711-B02E-BAB21275E92A}.Release|Any CPU.Build.0 = Release|Any CPU
		{28B86225-C430-47F0-825F-CC089AC21FAF}.Debug|Any CPU.ActiveCfg = Debug|Any CPU
		{28B86225-C430-47F0-825F-CC089AC21FAF}.Debug|Any CPU.Build.0 = Debug|Any CPU
		{28B86225-C430-47F0-825F-CC089AC21FAF}.Release|Any CPU.ActiveCfg = Release|Any CPU
		{28B86225-C430-47F0-825F-CC089AC21FAF}.Release|Any CPU.Build.0 = Release|Any CPU
		{53D967F0-E42F-4955-AB46-53F459DA0347}.Debug|Any CPU.ActiveCfg = Debug|Any CPU
		{53D967F0-E42F-4955-AB46-53F459DA0347}.Debug|Any CPU.Build.0 = Debug|Any CPU
		{53D967F0-E42F-4955-AB46-53F459DA0347}.Release|Any CPU.ActiveCfg = Release|Any CPU
		{53D967F0-E42F-4955-AB46-53F459DA0347}.Release|Any CPU.Build.0 = Release|Any CPU
		{3142148C-3F1F-4595-99F8-08CB0912626A}.Debug|Any CPU.ActiveCfg = Debug|Any CPU
		{3142148C-3F1F-4595-99F8-08CB0912626A}.Debug|Any CPU.Build.0 = Debug|Any CPU
		{3142148C-3F1F-4595-99F8-08CB0912626A}.Release|Any CPU.ActiveCfg = Release|Any CPU
		{3142148C-3F1F-4595-99F8-08CB0912626A}.Release|Any CPU.Build.0 = Release|Any CPU
		{DCF91DA9-747F-43D9-B4C9-C72553BCA80E}.Debug|Any CPU.ActiveCfg = Debug|Any CPU
		{DCF91DA9-747F-43D9-B4C9-C72553BCA80E}.Debug|Any CPU.Build.0 = Debug|Any CPU
		{DCF91DA9-747F-43D9-B4C9-C72553BCA80E}.Release|Any CPU.ActiveCfg = Release|Any CPU
		{DCF91DA9-747F-43D9-B4C9-C72553BCA80E}.Release|Any CPU.Build.0 = Release|Any CPU
	EndGlobalSection
EndGlobal
